// !$*UTF8*$!
{
	archiveVersion = 1;
	classes = {
	};
	objectVersion = 46;
	objects = {

/* Begin PBXBuildFile section */
		40A19D7B1DBE9AEF00A973B1 /* main.cpp in Sources */ = {isa = PBXBuildFile; fileRef = 40A19D7A1DBE9AEF00A973B1 /* main.cpp */; };
		40A19D831DBE9E2D00A973B1 /* mushrooms.cpp in Sources */ = {isa = PBXBuildFile; fileRef = 40A19D811DBE9E2D00A973B1 /* mushrooms.cpp */; };
/* End PBXBuildFile section */

/* Begin PBXCopyFilesBuildPhase section */
		40A19D751DBE9AEF00A973B1 /* CopyFiles */ = {
			isa = PBXCopyFilesBuildPhase;
			buildActionMask = 2147483647;
			dstPath = /usr/share/man/man1/;
			dstSubfolderSpec = 0;
			files = (
			);
			runOnlyForDeploymentPostprocessing = 1;
		};
/* End PBXCopyFilesBuildPhase section */

/* Begin PBXFileReference section */
		40A19D771DBE9AEF00A973B1 /* Exam01 */ = {isa = PBXFileReference; explicitFileType = "compiled.mach-o.executable"; includeInIndex = 0; path = Exam01; sourceTree = BUILT_PRODUCTS_DIR; };
		40A19D7A1DBE9AEF00A973B1 /* main.cpp */ = {isa = PBXFileReference; lastKnownFileType = sourcecode.cpp.cpp; path = main.cpp; sourceTree = "<group>"; };
		40A19D811DBE9E2D00A973B1 /* mushrooms.cpp */ = {isa = PBXFileReference; fileEncoding = 4; lastKnownFileType = sourcecode.cpp.cpp; path = mushrooms.cpp; sourceTree = "<group>"; };
		40A19D821DBE9E2D00A973B1 /* mushrooms.h */ = {isa = PBXFileReference; fileEncoding = 4; lastKnownFileType = sourcecode.c.h; path = mushrooms.h; sourceTree = "<group>"; };
/* End PBXFileReference section */

/* Begin PBXFrameworksBuildPhase section */
		40A19D741DBE9AEF00A973B1 /* Frameworks */ = {
			isa = PBXFrameworksBuildPhase;
			buildActionMask = 2147483647;
			files = (
			);
			runOnlyForDeploymentPostprocessing = 0;
		};
/* End PBXFrameworksBuildPhase section */

/* Begin PBXGroup section */
		40A19D6E1DBE9AEF00A973B1 = {
			isa = PBXGroup;
			children = (
				40A19D791DBE9AEF00A973B1 /* Exam01 */,
				40A19D781DBE9AEF00A973B1 /* Products */,
			);
			sourceTree = "<group>";
		};
		40A19D781DBE9AEF00A973B1 /* Products */ = {
			isa = PBXGroup;
			children = (
				40A19D771DBE9AEF00A973B1 /* Exam01 */,
			);
			name = Products;
			sourceTree = "<group>";
		};
		40A19D791DBE9AEF00A973B1 /* Exam01 */ = {
			isa = PBXGroup;
			children = (
				40A19D7A1DBE9AEF00A973B1 /* main.cpp */,
				40A19D811DBE9E2D00A973B1 /* mushrooms.cpp */,
				40A19D821DBE9E2D00A973B1 /* mushrooms.h */,
			);
			path = Exam01;
			sourceTree = "<group>";
		};
/* End PBXGroup section */

/* Begin PBXNativeTarget section */
		40A19D761DBE9AEF00A973B1 /* Exam01 */ = {
			isa = PBXNativeTarget;
			buildConfigurationList = 40A19D7E1DBE9AEF00A973B1 /* Build configuration list for PBXNativeTarget "Exam01" */;
			buildPhases = (
				40A19D731DBE9AEF00A973B1 /* Sources */,
				40A19D741DBE9AEF00A973B1 /* Frameworks */,
				40A19D751DBE9AEF00A973B1 /* CopyFiles */,
			);
			buildRules = (
			);
			dependencies = (
			);
			name = Exam01;
			productName = Exam01;
			productReference = 40A19D771DBE9AEF00A973B1 /* Exam01 */;
			productType = "com.apple.product-type.tool";
		};
/* End PBXNativeTarget section */

/* Begin PBXProject section */
		40A19D6F1DBE9AEF00A973B1 /* Project object */ = {
			isa = PBXProject;
			attributes = {
				LastUpgradeCheck = 0640;
				ORGANIZATIONNAME = "Musa Ali";
				TargetAttributes = {
					40A19D761DBE9AEF00A973B1 = {
						CreatedOnToolsVersion = 6.4;
					};
				};
			};
			buildConfigurationList = 40A19D721DBE9AEF00A973B1 /* Build configuration list for PBXProject "Exam01" */;
			compatibilityVersion = "Xcode 3.2";
			developmentRegion = English;
			hasScannedForEncodings = 0;
			knownRegions = (
				en,
			);
			mainGroup = 40A19D6E1DBE9AEF00A973B1;
			productRefGroup = 40A19D781DBE9AEF00A973B1 /* Products */;
			projectDirPath = "";
			projectRoot = "";
			targets = (
				40A19D761DBE9AEF00A973B1 /* Exam01 */,
			);
		};
/* End PBXProject section */

/* Begin PBXSourcesBuildPhase section */
		40A19D731DBE9AEF00A973B1 /* Sources */ = {
			isa = PBXSourcesBuildPhase;
			buildActionMask = 2147483647;
			files = (
				40A19D7B1DBE9AEF00A973B1 /* main.cpp in Sources */,
				40A19D831DBE9E2D00A973B1 /* mushrooms.cpp in Sources */,
			);
			runOnlyForDeploymentPostprocessing = 0;
		};
/* End PBXSourcesBuildPhase section */

/* Begin XCBuildConfiguration section */
		40A19D7C1DBE9AEF00A973B1 /* Debug */ = {
			isa = XCBuildConfiguration;
			buildSettings = {
				ALWAYS_SEARCH_USER_PATHS = NO;
				CLANG_CXX_LANGUAGE_STANDARD = "gnu++0x";
				CLANG_CXX_LIBRARY = "libc++";
				CLANG_ENABLE_MODULES = YES;
				CLANG_ENABLE_OBJC_ARC = YES;
				CLANG_WARN_BOOL_CONVERSION = YES;
				CLANG_WARN_CONSTANT_CONVERSION = YES;
				CLANG_WARN_DIRECT_OBJC_ISA_USAGE = YES_ERROR;
				CLANG_WARN_EMPTY_BODY = YES;
				CLANG_WARN_ENUM_CONVERSION = YES;
				CLANG_WARN_INT_CONVERSION = YES;
				CLANG_WARN_OBJC_ROOT_CLASS = YES_ERROR;
				CLANG_WARN_UNREACHABLE_CODE = YES;
				CLANG_WARN__DUPLICATE_METHOD_MATCH = YES;
				COPY_PHASE_STRIP = NO;
				DEBUG_INFORMATION_FORMAT = dwarf;
				ENABLE_STRICT_OBJC_MSGSEND = YES;
				GCC_C_LANGUAGE_STANDARD = gnu99;
				GCC_DYNAMIC_NO_PIC = NO;
				GCC_NO_COMMON_BLOCKS = YES;
				GCC_OPTIMIZATION_LEVEL = 0;
				GCC_PREPROCESSOR_DEFINITIONS = (
					"DEBUG=1",
					"$(inherited)",
				);
				GCC_SYMBOLS_PRIVATE_EXTERN = NO;
				GCC_WARN_64_TO_32_BIT_CONVERSION = YES;
				GCC_WARN_ABOUT_RETURN_TYPE = YES_ERROR;
				GCC_WARN_UNDECLARED_SELECTOR = YES;
				GCC_WARN_UNINITIALIZED_AUTOS = YES_AGGRESSIVE;
				GCC_WARN_UNUSED_FUNCTION = YES;
				GCC_WARN_UNUSED_VARIABLE = YES;
				MACOSX_DEPLOYMENT_TARGET = 10.10;
				MTL_ENABLE_DEBUG_INFO = YES;
				ONLY_ACTIVE_ARCH = YES;
				SDKROOT = macosx;
			};
			name = Debug;
		};
		40A19D7D1DBE9AEF00A973B1 /* Release */ = {
			isa = XCBuildConfiguration;
			buildSettings = {
				ALWAYS_SEARCH_USER_PATHS = NO;
				CLANG_CXX_LANGUAGE_STANDARD = "gnu++0x";
				CLANG_CXX_LIBRARY = "libc++";
				CLANG_ENABLE_MODULES = YES;
				CLANG_ENABLE_OBJC_ARC = YES;
				CLANG_WARN_BOOL_CONVERSION = YES;
				CLANG_WARN_CONSTANT_CONVERSION = YES;
				CLANG_WARN_DIRECT_OBJC_ISA_USAGE = YES_ERROR;
				CLANG_WARN_EMPTY_BODY = YES;
				CLANG_WARN_ENUM_CONVERSION = YES;
				CLANG_WARN_INT_CONVERSION = YES;
				CLANG_WARN_OBJC_ROOT_CLASS = YES_ERROR;
				CLANG_WARN_UNREACHABLE_CODE = YES;
				CLANG_WARN__DUPLICATE_METHOD_MATCH = YES;
				COPY_PHASE_STRIP = NO;
				DEBUG_INFORMATION_FORMAT = "dwarf-with-dsym";
				ENABLE_NS_ASSERTIONS = NO;
				ENABLE_STRICT_OBJC_MSGSEND = YES;
				GCC_C_LANGUAGE_STANDARD = gnu99;
				GCC_NO_COMMON_BLOCKS = YES;
				GCC_WARN_64_TO_32_BIT_CONVERSION = YES;
				GCC_WARN_ABOUT_RETURN_TYPE = YES_ERROR;
				GCC_WARN_UNDECLARED_SELECTOR = YES;
				GCC_WARN_UNINITIALIZED_AUTOS = YES_AGGRESSIVE;
				GCC_WARN_UNUSED_FUNCTION = YES;
				GCC_WARN_UNUSED_VARIABLE = YES;
				MACOSX_DEPLOYMENT_TARGET = 10.10;
				MTL_ENABLE_DEBUG_INFO = NO;
				SDKROOT = macosx;
			};
			name = Release;
		};
		40A19D7F1DBE9AEF00A973B1 /* Debug */ = {
			isa = XCBuildConfiguration;
			buildSettings = {
				PRODUCT_NAME = "$(TARGET_NAME)";
			};
			name = Debug;
		};
		40A19D801DBE9AEF00A973B1 /* Release */ = {
			isa = XCBuildConfiguration;
			buildSettings = {
				PRODUCT_NAME = "$(TARGET_NAME)";
			};
			name = Release;
		};
/* End XCBuildConfiguration section */

/* Begin XCConfigurationList section */
		40A19D721DBE9AEF00A973B1 /* Build configuration list for PBXProject "Exam01" */ = {
			isa = XCConfigurationList;
			buildConfigurations = (
				40A19D7C1DBE9AEF00A973B1 /* Debug */,
				40A19D7D1DBE9AEF00A973B1 /* Release */,
			);
			defaultConfigurationIsVisible = 0;
			defaultConfigurationName = Release;
		};
		40A19D7E1DBE9AEF00A973B1 /* Build configuration list for PBXNativeTarget "Exam01" */ = {
			isa = XCConfigurationList;
			buildConfigurations = (
				40A19D7F1DBE9AEF00A973B1 /* Debug */,
				40A19D801DBE9AEF00A973B1 /* Release */,
			);
			defaultConfigurationIsVisible = 0;
		};
/* End XCConfigurationList section */
	};
	rootObject = 40A19D6F1DBE9AEF00A973B1 /* Project object */;
}
