// !$*UTF8*$!
{
	archiveVersion = 1;
	classes = {
	};
	objectVersion = 46;
	objects = {

/* Begin PBXBuildFile section */
		402EB02C1DB51A5C000F9459 /* main.c in Sources */ = {isa = PBXBuildFile; fileRef = 402EB02B1DB51A5C000F9459 /* main.c */; };
		40A19D6D1DB5A6DD00A973B1 /* test.c in Sources */ = {isa = PBXBuildFile; fileRef = 40A19D6C1DB5A6DD00A973B1 /* test.c */; };
/* End PBXBuildFile section */

/* Begin PBXCopyFilesBuildPhase section */
		402EB0261DB51A5C000F9459 /* CopyFiles */ = {
			isa = PBXCopyFilesBuildPhase;
			buildActionMask = 2147483647;
			dstPath = /usr/share/man/man1/;
			dstSubfolderSpec = 0;
			files = (
			);
			runOnlyForDeploymentPostprocessing = 1;
		};
/* End PBXCopyFilesBuildPhase section */

/* Begin PBXFileReference section */
		402EB0281DB51A5C000F9459 /* PL4RoughMoose */ = {isa = PBXFileReference; explicitFileType = "compiled.mach-o.executable"; includeInIndex = 0; path = PL4RoughMoose; sourceTree = BUILT_PRODUCTS_DIR; };
		402EB02B1DB51A5C000F9459 /* main.c */ = {isa = PBXFileReference; lastKnownFileType = sourcecode.c.c; path = main.c; sourceTree = "<group>"; };
		40A19D6C1DB5A6DD00A973B1 /* test.c */ = {isa = PBXFileReference; fileEncoding = 4; lastKnownFileType = sourcecode.c.c; path = test.c; sourceTree = "<group>"; };
/* End PBXFileReference section */

/* Begin PBXFrameworksBuildPhase section */
		402EB0251DB51A5C000F9459 /* Frameworks */ = {
			isa = PBXFrameworksBuildPhase;
			buildActionMask = 2147483647;
			files = (
			);
			runOnlyForDeploymentPostprocessing = 0;
		};
/* End PBXFrameworksBuildPhase section */

/* Begin PBXGroup section */
		402EB01F1DB51A5C000F9459 = {
			isa = PBXGroup;
			children = (
				402EB02A1DB51A5C000F9459 /* PL4RoughMoose */,
				402EB0291DB51A5C000F9459 /* Products */,
			);
			sourceTree = "<group>";
		};
		402EB0291DB51A5C000F9459 /* Products */ = {
			isa = PBXGroup;
			children = (
				402EB0281DB51A5C000F9459 /* PL4RoughMoose */,
			);
			name = Products;
			sourceTree = "<group>";
		};
		402EB02A1DB51A5C000F9459 /* PL4RoughMoose */ = {
			isa = PBXGroup;
			children = (
				402EB02B1DB51A5C000F9459 /* main.c */,
				40A19D6C1DB5A6DD00A973B1 /* test.c */,
			);
			path = PL4RoughMoose;
			sourceTree = "<group>";
		};
/* End PBXGroup section */

/* Begin PBXNativeTarget section */
		402EB0271DB51A5C000F9459 /* PL4RoughMoose */ = {
			isa = PBXNativeTarget;
			buildConfigurationList = 402EB02F1DB51A5C000F9459 /* Build configuration list for PBXNativeTarget "PL4RoughMoose" */;
			buildPhases = (
				402EB0241DB51A5C000F9459 /* Sources */,
				402EB0251DB51A5C000F9459 /* Frameworks */,
				402EB0261DB51A5C000F9459 /* CopyFiles */,
			);
			buildRules = (
			);
			dependencies = (
			);
			name = PL4RoughMoose;
			productName = PL4RoughMoose;
			productReference = 402EB0281DB51A5C000F9459 /* PL4RoughMoose */;
			productType = "com.apple.product-type.tool";
		};
/* End PBXNativeTarget section */

/* Begin PBXProject section */
		402EB0201DB51A5C000F9459 /* Project object */ = {
			isa = PBXProject;
			attributes = {
				LastUpgradeCheck = 0640;
				ORGANIZATIONNAME = "Musa Ali";
				TargetAttributes = {
					402EB0271DB51A5C000F9459 = {
						CreatedOnToolsVersion = 6.4;
					};
				};
			};
			buildConfigurationList = 402EB0231DB51A5C000F9459 /* Build configuration list for PBXProject "PL4RoughMoose" */;
			compatibilityVersion = "Xcode 3.2";
			developmentRegion = English;
			hasScannedForEncodings = 0;
			knownRegions = (
				en,
			);
			mainGroup = 402EB01F1DB51A5C000F9459;
			productRefGroup = 402EB0291DB51A5C000F9459 /* Products */;
			projectDirPath = "";
			projectRoot = "";
			targets = (
				402EB0271DB51A5C000F9459 /* PL4RoughMoose */,
			);
		};
/* End PBXProject section */

/* Begin PBXSourcesBuildPhase section */
		402EB0241DB51A5C000F9459 /* Sources */ = {
			isa = PBXSourcesBuildPhase;
			buildActionMask = 2147483647;
			files = (
				402EB02C1DB51A5C000F9459 /* main.c in Sources */,
				40A19D6D1DB5A6DD00A973B1 /* test.c in Sources */,
			);
			runOnlyForDeploymentPostprocessing = 0;
		};
/* End PBXSourcesBuildPhase section */

/* Begin XCBuildConfiguration section */
		402EB02D1DB51A5C000F9459 /* Debug */ = {
			isa = XCBuildConfiguration;
			buildSettings = {
				ALWAYS_SEARCH_USER_PATHS = NO;
				CLANG_CXX_LANGUAGE_STANDARD = "gnu++0x";
				CLANG_CXX_LIBRARY = "libc++";
				CLANG_ENABLE_MODULES = YES;
				CLANG_ENABLE_OBJC_ARC = YES;
				CLANG_WARN_BOOL_CONVERSION = YES;
				CLANG_WARN_CONSTANT_CONVERSION = YES;
				CLANG_WARN_DIRECT_OBJC_ISA_USAGE = YES_ERROR;
				CLANG_WARN_EMPTY_BODY = YES;
				CLANG_WARN_ENUM_CONVERSION = YES;
				CLANG_WARN_INT_CONVERSION = YES;
				CLANG_WARN_OBJC_ROOT_CLASS = YES_ERROR;
				CLANG_WARN_UNREACHABLE_CODE = YES;
				CLANG_WARN__DUPLICATE_METHOD_MATCH = YES;
				COPY_PHASE_STRIP = NO;
				DEBUG_INFORMATION_FORMAT = dwarf;
				ENABLE_STRICT_OBJC_MSGSEND = YES;
				GCC_C_LANGUAGE_STANDARD = gnu99;
				GCC_DYNAMIC_NO_PIC = NO;
				GCC_NO_COMMON_BLOCKS = YES;
				GCC_OPTIMIZATION_LEVEL = 0;
				GCC_PREPROCESSOR_DEFINITIONS = (
					"DEBUG=1",
					"$(inherited)",
				);
				GCC_SYMBOLS_PRIVATE_EXTERN = NO;
				GCC_WARN_64_TO_32_BIT_CONVERSION = YES;
				GCC_WARN_ABOUT_RETURN_TYPE = YES_ERROR;
				GCC_WARN_UNDECLARED_SELECTOR = YES;
				GCC_WARN_UNINITIALIZED_AUTOS = YES_AGGRESSIVE;
				GCC_WARN_UNUSED_FUNCTION = YES;
				GCC_WARN_UNUSED_VARIABLE = YES;
				MACOSX_DEPLOYMENT_TARGET = 10.10;
				MTL_ENABLE_DEBUG_INFO = YES;
				ONLY_ACTIVE_ARCH = YES;
				SDKROOT = macosx;
			};
			name = Debug;
		};
		402EB02E1DB51A5C000F9459 /* Release */ = {
			isa = XCBuildConfiguration;
			buildSettings = {
				ALWAYS_SEARCH_USER_PATHS = NO;
				CLANG_CXX_LANGUAGE_STANDARD = "gnu++0x";
				CLANG_CXX_LIBRARY = "libc++";
				CLANG_ENABLE_MODULES = YES;
				CLANG_ENABLE_OBJC_ARC = YES;
				CLANG_WARN_BOOL_CONVERSION = YES;
				CLANG_WARN_CONSTANT_CONVERSION = YES;
				CLANG_WARN_DIRECT_OBJC_ISA_USAGE = YES_ERROR;
				CLANG_WARN_EMPTY_BODY = YES;
				CLANG_WARN_ENUM_CONVERSION = YES;
				CLANG_WARN_INT_CONVERSION = YES;
				CLANG_WARN_OBJC_ROOT_CLASS = YES_ERROR;
				CLANG_WARN_UNREACHABLE_CODE = YES;
				CLANG_WARN__DUPLICATE_METHOD_MATCH = YES;
				COPY_PHASE_STRIP = NO;
				DEBUG_INFORMATION_FORMAT = "dwarf-with-dsym";
				ENABLE_NS_ASSERTIONS = NO;
				ENABLE_STRICT_OBJC_MSGSEND = YES;
				GCC_C_LANGUAGE_STANDARD = gnu99;
				GCC_NO_COMMON_BLOCKS = YES;
				GCC_WARN_64_TO_32_BIT_CONVERSION = YES;
				GCC_WARN_ABOUT_RETURN_TYPE = YES_ERROR;
				GCC_WARN_UNDECLARED_SELECTOR = YES;
				GCC_WARN_UNINITIALIZED_AUTOS = YES_AGGRESSIVE;
				GCC_WARN_UNUSED_FUNCTION = YES;
				GCC_WARN_UNUSED_VARIABLE = YES;
				MACOSX_DEPLOYMENT_TARGET = 10.10;
				MTL_ENABLE_DEBUG_INFO = NO;
				SDKROOT = macosx;
			};
			name = Release;
		};
		402EB0301DB51A5C000F9459 /* Debug */ = {
			isa = XCBuildConfiguration;
			buildSettings = {
				PRODUCT_NAME = "$(TARGET_NAME)";
			};
			name = Debug;
		};
		402EB0311DB51A5C000F9459 /* Release */ = {
			isa = XCBuildConfiguration;
			buildSettings = {
				PRODUCT_NAME = "$(TARGET_NAME)";
			};
			name = Release;
		};
/* End XCBuildConfiguration section */

/* Begin XCConfigurationList section */
		402EB0231DB51A5C000F9459 /* Build configuration list for PBXProject "PL4RoughMoose" */ = {
			isa = XCConfigurationList;
			buildConfigurations = (
				402EB02D1DB51A5C000F9459 /* Debug */,
				402EB02E1DB51A5C000F9459 /* Release */,
			);
			defaultConfigurationIsVisible = 0;
			defaultConfigurationName = Release;
		};
		402EB02F1DB51A5C000F9459 /* Build configuration list for PBXNativeTarget "PL4RoughMoose" */ = {
			isa = XCConfigurationList;
			buildConfigurations = (
				402EB0301DB51A5C000F9459 /* Debug */,
				402EB0311DB51A5C000F9459 /* Release */,
			);
			defaultConfigurationIsVisible = 0;
			defaultConfigurationName = Release;
		};
/* End XCConfigurationList section */
	};
	rootObject = 402EB0201DB51A5C000F9459 /* Project object */;
}
